
Microsoft Visual Studio Solution File, Format Version 12.00
# Visual Studio Version 16
VisualStudioVersion = 16.0.30804.86
MinimumVisualStudioVersion = 10.0.40219.1
Project("{2150E333-8FDC-42A3-9474-1A3956D46DE8}") = "src", "src", "{827E0CD3-B72D-47B6-A68D-7590B98EB39B}"
EndProject
Project("{FAE04EC0-301F-11D3-BF4B-00C04F79EFBC}") = "analyticsLibrary", "src\analyticsLibrary\analyticsLibrary.csproj", "{95CAD5C9-AD60-48C6-927A-A8ADB968039B}"
EndProject
Project("{FAE04EC0-301F-11D3-BF4B-00C04F79EFBC}") = "analyticsLibrary.Core", "src\analyticsLibrary.Core\analyticsLibrary.Core.csproj", "{A635E2E5-4E7B-4F50-B4F5-EAD9831E101A}"
EndProject
Project("{FAE04EC0-301F-11D3-BF4B-00C04F79EFBC}") = "analyticsLibrary.Algorithms", "src\analyticsLibrary.Algorithms\analyticsLibrary.Algorithms.csproj", "{3E6FF893-044A-484C-A7CE-715FC28EE084}"
EndProject
Project("{FAE04EC0-301F-11D3-BF4B-00C04F79EFBC}") = "analyticsLibrary.Statistics", "src\analyticsLibrary.Statistics\analyticsLibrary.Statistics.csproj", "{0BB6F4FD-2CD0-4CB9-8455-A2DBBF472E20}"
EndProject
Project("{FAE04EC0-301F-11D3-BF4B-00C04F79EFBC}") = "analyticsLibrary.Excel", "src\analyticsLibrary.Excel\analyticsLibrary.Excel.csproj", "{100B7D52-0D20-4E81-9AC1-948260ACBD23}"
EndProject
Project("{FAE04EC0-301F-11D3-BF4B-00C04F79EFBC}") = "analyticsLibrary.Access", "src\analyticsLibrary.Access\analyticsLibrary.Access.csproj", "{6AD40D5A-4B53-408D-9A66-5900C72F0EDE}"
EndProject
Project("{FAE04EC0-301F-11D3-BF4B-00C04F79EFBC}") = "analyticsLibrary.Hadoop", "src\analyticsLibrary.Hadoop\analyticsLibrary.Hadoop.csproj", "{A58C654E-00F9-49FF-BC59-D70CE80BE413}"
EndProject
Project("{2150E333-8FDC-42A3-9474-1A3956D46DE8}") = "tests", "tests", "{0AB3BF05-4346-4AA6-1389-037BE0695223}"
EndProject
Project("{FAE04EC0-301F-11D3-BF4B-00C04F79EFBC}") = "analyticsLibrary.Core.Tests", "tests\analyticsLibrary.Core.Tests\analyticsLibrary.Core.Tests.csproj", "{0177A499-F03F-4480-B530-42685CDB0669}"
EndProject
Project("{FAE04EC0-301F-11D3-BF4B-00C04F79EFBC}") = "analyticsLibrary.Statistics.Tests", "tests\analyticsLibrary.Statistics.Tests\analyticsLibrary.Statistics.Tests.csproj", "{23A3F035-185E-485F-80D8-DCBBDBD6CFA9}"
EndProject
Project("{FAE04EC0-301F-11D3-BF4B-00C04F79EFBC}") = "analyticsLibrary.Algorithms.Tests", "tests\analyticsLibrary.Algorithms.Tests\analyticsLibrary.Algorithms.Tests.csproj", "{1C80F5C6-8A99-4941-8A81-97A28C60C3E8}"
EndProject
Global
	GlobalSection(SolutionConfigurationPlatforms) = preSolution
		CD_ROM|Any CPU = CD_ROM|Any CPU
		CD_ROM|x64 = CD_ROM|x64
		CD_ROM|x86 = CD_ROM|x86
		Debug x86|Any CPU = Debug x86|Any CPU
		Debug x86|x64 = Debug x86|x64
		Debug x86|x86 = Debug x86|x86
		Debug|Any CPU = Debug|Any CPU
		Debug|x64 = Debug|x64
		Debug|x86 = Debug|x86
		DVD-5|Any CPU = DVD-5|Any CPU
		DVD-5|x64 = DVD-5|x64
		DVD-5|x86 = DVD-5|x86
		Release x86|Any CPU = Release x86|Any CPU
		Release x86|x64 = Release x86|x64
		Release x86|x86 = Release x86|x86
		Release|Any CPU = Release|Any CPU
		Release|x64 = Release|x64
		Release|x86 = Release|x86
		SingleImage|Any CPU = SingleImage|Any CPU
		SingleImage|x64 = SingleImage|x64
		SingleImage|x86 = SingleImage|x86
	EndGlobalSection
	GlobalSection(ProjectConfigurationPlatforms) = postSolution
		{95CAD5C9-AD60-48C6-927A-A8ADB968039B}.CD_ROM|Any CPU.ActiveCfg = Debug|Any CPU
		{95CAD5C9-AD60-48C6-927A-A8ADB968039B}.CD_ROM|Any CPU.Build.0 = Debug|Any CPU
		{95CAD5C9-AD60-48C6-927A-A8ADB968039B}.CD_ROM|x64.ActiveCfg = Debug|Any CPU
		{95CAD5C9-AD60-48C6-927A-A8ADB968039B}.CD_ROM|x64.Build.0 = Debug|Any CPU
		{95CAD5C9-AD60-48C6-927A-A8ADB968039B}.CD_ROM|x86.ActiveCfg = Debug|Any CPU
		{95CAD5C9-AD60-48C6-927A-A8ADB968039B}.CD_ROM|x86.Build.0 = Debug|Any CPU
		{95CAD5C9-AD60-48C6-927A-A8ADB968039B}.Debug x86|Any CPU.ActiveCfg = Debug|Any CPU
		{95CAD5C9-AD60-48C6-927A-A8ADB968039B}.Debug x86|Any CPU.Build.0 = Debug|Any CPU
		{95CAD5C9-AD60-48C6-927A-A8ADB968039B}.Debug x86|x64.ActiveCfg = Debug|Any CPU
		{95CAD5C9-AD60-48C6-927A-A8ADB968039B}.Debug x86|x64.Build.0 = Debug|Any CPU
		{95CAD5C9-AD60-48C6-927A-A8ADB968039B}.Debug x86|x86.ActiveCfg = Debug|Any CPU
		{95CAD5C9-AD60-48C6-927A-A8ADB968039B}.Debug x86|x86.Build.0 = Debug|Any CPU
		{95CAD5C9-AD60-48C6-927A-A8ADB968039B}.Debug|Any CPU.ActiveCfg = Debug|Any CPU
		{95CAD5C9-AD60-48C6-927A-A8ADB968039B}.Debug|Any CPU.Build.0 = Debug|Any CPU
		{95CAD5C9-AD60-48C6-927A-A8ADB968039B}.Debug|x64.ActiveCfg = Debug|Any CPU
		{95CAD5C9-AD60-48C6-927A-A8ADB968039B}.Debug|x64.Build.0 = Debug|Any CPU
		{95CAD5C9-AD60-48C6-927A-A8ADB968039B}.Debug|x86.ActiveCfg = Debug|Any CPU
		{95CAD5C9-AD60-48C6-927A-A8ADB968039B}.Debug|x86.Build.0 = Debug|Any CPU
		{95CAD5C9-AD60-48C6-927A-A8ADB968039B}.DVD-5|Any CPU.ActiveCfg = Debug|Any CPU
		{95CAD5C9-AD60-48C6-927A-A8ADB968039B}.DVD-5|Any CPU.Build.0 = Debug|Any CPU
		{95CAD5C9-AD60-48C6-927A-A8ADB968039B}.DVD-5|x64.ActiveCfg = Debug|Any CPU
		{95CAD5C9-AD60-48C6-927A-A8ADB968039B}.DVD-5|x64.Build.0 = Debug|Any CPU
		{95CAD5C9-AD60-48C6-927A-A8ADB968039B}.DVD-5|x86.ActiveCfg = Debug|Any CPU
		{95CAD5C9-AD60-48C6-927A-A8ADB968039B}.DVD-5|x86.Build.0 = Debug|Any CPU
		{95CAD5C9-AD60-48C6-927A-A8ADB968039B}.Release x86|Any CPU.ActiveCfg = Debug|Any CPU
		{95CAD5C9-AD60-48C6-927A-A8ADB968039B}.Release x86|Any CPU.Build.0 = Debug|Any CPU
		{95CAD5C9-AD60-48C6-927A-A8ADB968039B}.Release x86|x64.ActiveCfg = Debug|Any CPU
		{95CAD5C9-AD60-48C6-927A-A8ADB968039B}.Release x86|x64.Build.0 = Debug|Any CPU
		{95CAD5C9-AD60-48C6-927A-A8ADB968039B}.Release x86|x86.ActiveCfg = Debug|Any CPU
		{95CAD5C9-AD60-48C6-927A-A8ADB968039B}.Release x86|x86.Build.0 = Debug|Any CPU
		{95CAD5C9-AD60-48C6-927A-A8ADB968039B}.Release|Any CPU.ActiveCfg = Release|Any CPU
		{95CAD5C9-AD60-48C6-927A-A8ADB968039B}.Release|Any CPU.Build.0 = Release|Any CPU
		{95CAD5C9-AD60-48C6-927A-A8ADB968039B}.Release|x64.ActiveCfg = Release|Any CPU
		{95CAD5C9-AD60-48C6-927A-A8ADB968039B}.Release|x64.Build.0 = Release|Any CPU
		{95CAD5C9-AD60-48C6-927A-A8ADB968039B}.Release|x86.ActiveCfg = Release|Any CPU
		{95CAD5C9-AD60-48C6-927A-A8ADB968039B}.Release|x86.Build.0 = Release|Any CPU
		{95CAD5C9-AD60-48C6-927A-A8ADB968039B}.SingleImage|Any CPU.ActiveCfg = Debug|Any CPU
		{95CAD5C9-AD60-48C6-927A-A8ADB968039B}.SingleImage|Any CPU.Build.0 = Debug|Any CPU
		{95CAD5C9-AD60-48C6-927A-A8ADB968039B}.SingleImage|x64.ActiveCfg = Debug|Any CPU
		{95CAD5C9-AD60-48C6-927A-A8ADB968039B}.SingleImage|x64.Build.0 = Debug|Any CPU
		{95CAD5C9-AD60-48C6-927A-A8ADB968039B}.SingleImage|x86.ActiveCfg = Debug|Any CPU
		{95CAD5C9-AD60-48C6-927A-A8ADB968039B}.SingleImage|x86.Build.0 = Debug|Any CPU
		{A635E2E5-4E7B-4F50-B4F5-EAD9831E101A}.CD_ROM|Any CPU.ActiveCfg = Debug|Any CPU
		{A635E2E5-4E7B-4F50-B4F5-EAD9831E101A}.CD_ROM|Any CPU.Build.0 = Debug|Any CPU
		{A635E2E5-4E7B-4F50-B4F5-EAD9831E101A}.CD_ROM|x64.ActiveCfg = Debug|Any CPU
		{A635E2E5-4E7B-4F50-B4F5-EAD9831E101A}.CD_ROM|x64.Build.0 = Debug|Any CPU
		{A635E2E5-4E7B-4F50-B4F5-EAD9831E101A}.CD_ROM|x86.ActiveCfg = Debug|Any CPU
		{A635E2E5-4E7B-4F50-B4F5-EAD9831E101A}.CD_ROM|x86.Build.0 = Debug|Any CPU
		{A635E2E5-4E7B-4F50-B4F5-EAD9831E101A}.Debug x86|Any CPU.ActiveCfg = Debug|Any CPU
		{A635E2E5-4E7B-4F50-B4F5-EAD9831E101A}.Debug x86|Any CPU.Build.0 = Debug|Any CPU
		{A635E2E5-4E7B-4F50-B4F5-EAD9831E101A}.Debug x86|x64.ActiveCfg = Debug|Any CPU
		{A635E2E5-4E7B-4F50-B4F5-EAD9831E101A}.Debug x86|x64.Build.0 = Debug|Any CPU
		{A635E2E5-4E7B-4F50-B4F5-EAD9831E101A}.Debug x86|x86.ActiveCfg = Debug|Any CPU
		{A635E2E5-4E7B-4F50-B4F5-EAD9831E101A}.Debug x86|x86.Build.0 = Debug|Any CPU
		{A635E2E5-4E7B-4F50-B4F5-EAD9831E101A}.Debug|Any CPU.ActiveCfg = Debug|Any CPU
		{A635E2E5-4E7B-4F50-B4F5-EAD9831E101A}.Debug|Any CPU.Build.0 = Debug|Any CPU
		{A635E2E5-4E7B-4F50-B4F5-EAD9831E101A}.Debug|x64.ActiveCfg = Debug|Any CPU
		{A635E2E5-4E7B-4F50-B4F5-EAD9831E101A}.Debug|x64.Build.0 = Debug|Any CPU
		{A635E2E5-4E7B-4F50-B4F5-EAD9831E101A}.Debug|x86.ActiveCfg = Debug|Any CPU
		{A635E2E5-4E7B-4F50-B4F5-EAD9831E101A}.Debug|x86.Build.0 = Debug|Any CPU
		{A635E2E5-4E7B-4F50-B4F5-EAD9831E101A}.DVD-5|Any CPU.ActiveCfg = Debug|Any CPU
		{A635E2E5-4E7B-4F50-B4F5-EAD9831E101A}.DVD-5|Any CPU.Build.0 = Debug|Any CPU
		{A635E2E5-4E7B-4F50-B4F5-EAD9831E101A}.DVD-5|x64.ActiveCfg = Debug|Any CPU
		{A635E2E5-4E7B-4F50-B4F5-EAD9831E101A}.DVD-5|x64.Build.0 = Debug|Any CPU
		{A635E2E5-4E7B-4F50-B4F5-EAD9831E101A}.DVD-5|x86.ActiveCfg = Debug|Any CPU
		{A635E2E5-4E7B-4F50-B4F5-EAD9831E101A}.DVD-5|x86.Build.0 = Debug|Any CPU
		{A635E2E5-4E7B-4F50-B4F5-EAD9831E101A}.Release x86|Any CPU.ActiveCfg = Debug|Any CPU
		{A635E2E5-4E7B-4F50-B4F5-EAD9831E101A}.Release x86|Any CPU.Build.0 = Debug|Any CPU
		{A635E2E5-4E7B-4F50-B4F5-EAD9831E101A}.Release x86|x64.ActiveCfg = Debug|Any CPU
		{A635E2E5-4E7B-4F50-B4F5-EAD9831E101A}.Release x86|x64.Build.0 = Debug|Any CPU
		{A635E2E5-4E7B-4F50-B4F5-EAD9831E101A}.Release x86|x86.ActiveCfg = Debug|Any CPU
		{A635E2E5-4E7B-4F50-B4F5-EAD9831E101A}.Release x86|x86.Build.0 = Debug|Any CPU
		{A635E2E5-4E7B-4F50-B4F5-EAD9831E101A}.Release|Any CPU.ActiveCfg = Release|Any CPU
		{A635E2E5-4E7B-4F50-B4F5-EAD9831E101A}.Release|Any CPU.Build.0 = Release|Any CPU
		{A635E2E5-4E7B-4F50-B4F5-EAD9831E101A}.Release|x64.ActiveCfg = Release|Any CPU
		{A635E2E5-4E7B-4F50-B4F5-EAD9831E101A}.Release|x64.Build.0 = Release|Any CPU
		{A635E2E5-4E7B-4F50-B4F5-EAD9831E101A}.Release|x86.ActiveCfg = Release|Any CPU
		{A635E2E5-4E7B-4F50-B4F5-EAD9831E101A}.Release|x86.Build.0 = Release|Any CPU
		{A635E2E5-4E7B-4F50-B4F5-EAD9831E101A}.SingleImage|Any CPU.ActiveCfg = Debug|Any CPU
		{A635E2E5-4E7B-4F50-B4F5-EAD9831E101A}.SingleImage|Any CPU.Build.0 = Debug|Any CPU
		{A635E2E5-4E7B-4F50-B4F5-EAD9831E101A}.SingleImage|x64.ActiveCfg = Debug|Any CPU
		{A635E2E5-4E7B-4F50-B4F5-EAD9831E101A}.SingleImage|x64.Build.0 = Debug|Any CPU
		{A635E2E5-4E7B-4F50-B4F5-EAD9831E101A}.SingleImage|x86.ActiveCfg = Debug|Any CPU
		{A635E2E5-4E7B-4F50-B4F5-EAD9831E101A}.SingleImage|x86.Build.0 = Debug|Any CPU
		{3E6FF893-044A-484C-A7CE-715FC28EE084}.CD_ROM|Any CPU.ActiveCfg = Debug|Any CPU
		{3E6FF893-044A-484C-A7CE-715FC28EE084}.CD_ROM|Any CPU.Build.0 = Debug|Any CPU
		{3E6FF893-044A-484C-A7CE-715FC28EE084}.CD_ROM|x64.ActiveCfg = Debug|Any CPU
		{3E6FF893-044A-484C-A7CE-715FC28EE084}.CD_ROM|x64.Build.0 = Debug|Any CPU
		{3E6FF893-044A-484C-A7CE-715FC28EE084}.CD_ROM|x86.ActiveCfg = Debug|Any CPU
		{3E6FF893-044A-484C-A7CE-715FC28EE084}.CD_ROM|x86.Build.0 = Debug|Any CPU
		{3E6FF893-044A-484C-A7CE-715FC28EE084}.Debug x86|Any CPU.ActiveCfg = Debug|Any CPU
		{3E6FF893-044A-484C-A7CE-715FC28EE084}.Debug x86|Any CPU.Build.0 = Debug|Any CPU
		{3E6FF893-044A-484C-A7CE-715FC28EE084}.Debug x86|x64.ActiveCfg = Debug|Any CPU
		{3E6FF893-044A-484C-A7CE-715FC28EE084}.Debug x86|x64.Build.0 = Debug|Any CPU
		{3E6FF893-044A-484C-A7CE-715FC28EE084}.Debug x86|x86.ActiveCfg = Debug|Any CPU
		{3E6FF893-044A-484C-A7CE-715FC28EE084}.Debug x86|x86.Build.0 = Debug|Any CPU
		{3E6FF893-044A-484C-A7CE-715FC28EE084}.Debug|Any CPU.ActiveCfg = Debug|Any CPU
		{3E6FF893-044A-484C-A7CE-715FC28EE084}.Debug|Any CPU.Build.0 = Debug|Any CPU
		{3E6FF893-044A-484C-A7CE-715FC28EE084}.Debug|x64.ActiveCfg = Debug|Any CPU
		{3E6FF893-044A-484C-A7CE-715FC28EE084}.Debug|x64.Build.0 = Debug|Any CPU
		{3E6FF893-044A-484C-A7CE-715FC28EE084}.Debug|x86.ActiveCfg = Debug|Any CPU
		{3E6FF893-044A-484C-A7CE-715FC28EE084}.Debug|x86.Build.0 = Debug|Any CPU
		{3E6FF893-044A-484C-A7CE-715FC28EE084}.DVD-5|Any CPU.ActiveCfg = Debug|Any CPU
		{3E6FF893-044A-484C-A7CE-715FC28EE084}.DVD-5|Any CPU.Build.0 = Debug|Any CPU
		{3E6FF893-044A-484C-A7CE-715FC28EE084}.DVD-5|x64.ActiveCfg = Debug|Any CPU
		{3E6FF893-044A-484C-A7CE-715FC28EE084}.DVD-5|x64.Build.0 = Debug|Any CPU
		{3E6FF893-044A-484C-A7CE-715FC28EE084}.DVD-5|x86.ActiveCfg = Debug|Any CPU
		{3E6FF893-044A-484C-A7CE-715FC28EE084}.DVD-5|x86.Build.0 = Debug|Any CPU
		{3E6FF893-044A-484C-A7CE-715FC28EE084}.Release x86|Any CPU.ActiveCfg = Debug|Any CPU
		{3E6FF893-044A-484C-A7CE-715FC28EE084}.Release x86|Any CPU.Build.0 = Debug|Any CPU
		{3E6FF893-044A-484C-A7CE-715FC28EE084}.Release x86|x64.ActiveCfg = Debug|Any CPU
		{3E6FF893-044A-484C-A7CE-715FC28EE084}.Release x86|x64.Build.0 = Debug|Any CPU
		{3E6FF893-044A-484C-A7CE-715FC28EE084}.Release x86|x86.ActiveCfg = Debug|Any CPU
		{3E6FF893-044A-484C-A7CE-715FC28EE084}.Release x86|x86.Build.0 = Debug|Any CPU
		{3E6FF893-044A-484C-A7CE-715FC28EE084}.Release|Any CPU.ActiveCfg = Release|Any CPU
		{3E6FF893-044A-484C-A7CE-715FC28EE084}.Release|Any CPU.Build.0 = Release|Any CPU
		{3E6FF893-044A-484C-A7CE-715FC28EE084}.Release|x64.ActiveCfg = Release|Any CPU
		{3E6FF893-044A-484C-A7CE-715FC28EE084}.Release|x64.Build.0 = Release|Any CPU
		{3E6FF893-044A-484C-A7CE-715FC28EE084}.Release|x86.ActiveCfg = Release|Any CPU
		{3E6FF893-044A-484C-A7CE-715FC28EE084}.Release|x86.Build.0 = Release|Any CPU
		{3E6FF893-044A-484C-A7CE-715FC28EE084}.SingleImage|Any CPU.ActiveCfg = Debug|Any CPU
		{3E6FF893-044A-484C-A7CE-715FC28EE084}.SingleImage|Any CPU.Build.0 = Debug|Any CPU
		{3E6FF893-044A-484C-A7CE-715FC28EE084}.SingleImage|x64.ActiveCfg = Debug|Any CPU
		{3E6FF893-044A-484C-A7CE-715FC28EE084}.SingleImage|x64.Build.0 = Debug|Any CPU
		{3E6FF893-044A-484C-A7CE-715FC28EE084}.SingleImage|x86.ActiveCfg = Debug|Any CPU
		{3E6FF893-044A-484C-A7CE-715FC28EE084}.SingleImage|x86.Build.0 = Debug|Any CPU
		{0BB6F4FD-2CD0-4CB9-8455-A2DBBF472E20}.CD_ROM|Any CPU.ActiveCfg = Debug|Any CPU
		{0BB6F4FD-2CD0-4CB9-8455-A2DBBF472E20}.CD_ROM|Any CPU.Build.0 = Debug|Any CPU
		{0BB6F4FD-2CD0-4CB9-8455-A2DBBF472E20}.CD_ROM|x64.ActiveCfg = Debug|Any CPU
		{0BB6F4FD-2CD0-4CB9-8455-A2DBBF472E20}.CD_ROM|x64.Build.0 = Debug|Any CPU
		{0BB6F4FD-2CD0-4CB9-8455-A2DBBF472E20}.CD_ROM|x86.ActiveCfg = Debug|Any CPU
		{0BB6F4FD-2CD0-4CB9-8455-A2DBBF472E20}.CD_ROM|x86.Build.0 = Debug|Any CPU
		{0BB6F4FD-2CD0-4CB9-8455-A2DBBF472E20}.Debug x86|Any CPU.ActiveCfg = Debug|Any CPU
		{0BB6F4FD-2CD0-4CB9-8455-A2DBBF472E20}.Debug x86|Any CPU.Build.0 = Debug|Any CPU
		{0BB6F4FD-2CD0-4CB9-8455-A2DBBF472E20}.Debug x86|x64.ActiveCfg = Debug|Any CPU
		{0BB6F4FD-2CD0-4CB9-8455-A2DBBF472E20}.Debug x86|x64.Build.0 = Debug|Any CPU
		{0BB6F4FD-2CD0-4CB9-8455-A2DBBF472E20}.Debug x86|x86.ActiveCfg = Debug|Any CPU
		{0BB6F4FD-2CD0-4CB9-8455-A2DBBF472E20}.Debug x86|x86.Build.0 = Debug|Any CPU
		{0BB6F4FD-2CD0-4CB9-8455-A2DBBF472E20}.Debug|Any CPU.ActiveCfg = Debug|Any CPU
		{0BB6F4FD-2CD0-4CB9-8455-A2DBBF472E20}.Debug|Any CPU.Build.0 = Debug|Any CPU
		{0BB6F4FD-2CD0-4CB9-8455-A2DBBF472E20}.Debug|x64.ActiveCfg = Debug|Any CPU
		{0BB6F4FD-2CD0-4CB9-8455-A2DBBF472E20}.Debug|x64.Build.0 = Debug|Any CPU
		{0BB6F4FD-2CD0-4CB9-8455-A2DBBF472E20}.Debug|x86.ActiveCfg = Debug|Any CPU
		{0BB6F4FD-2CD0-4CB9-8455-A2DBBF472E20}.Debug|x86.Build.0 = Debug|Any CPU
		{0BB6F4FD-2CD0-4CB9-8455-A2DBBF472E20}.DVD-5|Any CPU.ActiveCfg = Debug|Any CPU
		{0BB6F4FD-2CD0-4CB9-8455-A2DBBF472E20}.DVD-5|Any CPU.Build.0 = Debug|Any CPU
		{0BB6F4FD-2CD0-4CB9-8455-A2DBBF472E20}.DVD-5|x64.ActiveCfg = Debug|Any CPU
		{0BB6F4FD-2CD0-4CB9-8455-A2DBBF472E20}.DVD-5|x64.Build.0 = Debug|Any CPU
		{0BB6F4FD-2CD0-4CB9-8455-A2DBBF472E20}.DVD-5|x86.ActiveCfg = Debug|Any CPU
		{0BB6F4FD-2CD0-4CB9-8455-A2DBBF472E20}.DVD-5|x86.Build.0 = Debug|Any CPU
		{0BB6F4FD-2CD0-4CB9-8455-A2DBBF472E20}.Release x86|Any CPU.ActiveCfg = Debug|Any CPU
		{0BB6F4FD-2CD0-4CB9-8455-A2DBBF472E20}.Release x86|Any CPU.Build.0 = Debug|Any CPU
		{0BB6F4FD-2CD0-4CB9-8455-A2DBBF472E20}.Release x86|x64.ActiveCfg = Debug|Any CPU
		{0BB6F4FD-2CD0-4CB9-8455-A2DBBF472E20}.Release x86|x64.Build.0 = Debug|Any CPU
		{0BB6F4FD-2CD0-4CB9-8455-A2DBBF472E20}.Release x86|x86.ActiveCfg = Debug|Any CPU
		{0BB6F4FD-2CD0-4CB9-8455-A2DBBF472E20}.Release x86|x86.Build.0 = Debug|Any CPU
		{0BB6F4FD-2CD0-4CB9-8455-A2DBBF472E20}.Release|Any CPU.ActiveCfg = Release|Any CPU
		{0BB6F4FD-2CD0-4CB9-8455-A2DBBF472E20}.Release|Any CPU.Build.0 = Release|Any CPU
		{0BB6F4FD-2CD0-4CB9-8455-A2DBBF472E20}.Release|x64.ActiveCfg = Release|Any CPU
		{0BB6F4FD-2CD0-4CB9-8455-A2DBBF472E20}.Release|x64.Build.0 = Release|Any CPU
		{0BB6F4FD-2CD0-4CB9-8455-A2DBBF472E20}.Release|x86.ActiveCfg = Release|Any CPU
		{0BB6F4FD-2CD0-4CB9-8455-A2DBBF472E20}.Release|x86.Build.0 = Release|Any CPU
		{0BB6F4FD-2CD0-4CB9-8455-A2DBBF472E20}.SingleImage|Any CPU.ActiveCfg = Debug|Any CPU
		{0BB6F4FD-2CD0-4CB9-8455-A2DBBF472E20}.SingleImage|Any CPU.Build.0 = Debug|Any CPU
		{0BB6F4FD-2CD0-4CB9-8455-A2DBBF472E20}.SingleImage|x64.ActiveCfg = Debug|Any CPU
		{0BB6F4FD-2CD0-4CB9-8455-A2DBBF472E20}.SingleImage|x64.Build.0 = Debug|Any CPU
		{0BB6F4FD-2CD0-4CB9-8455-A2DBBF472E20}.SingleImage|x86.ActiveCfg = Debug|Any CPU
		{0BB6F4FD-2CD0-4CB9-8455-A2DBBF472E20}.SingleImage|x86.Build.0 = Debug|Any CPU
		{100B7D52-0D20-4E81-9AC1-948260ACBD23}.CD_ROM|Any CPU.ActiveCfg = Debug|Any CPU
		{100B7D52-0D20-4E81-9AC1-948260ACBD23}.CD_ROM|Any CPU.Build.0 = Debug|Any CPU
		{100B7D52-0D20-4E81-9AC1-948260ACBD23}.CD_ROM|x64.ActiveCfg = Debug|Any CPU
		{100B7D52-0D20-4E81-9AC1-948260ACBD23}.CD_ROM|x64.Build.0 = Debug|Any CPU
		{100B7D52-0D20-4E81-9AC1-948260ACBD23}.CD_ROM|x86.ActiveCfg = Debug|Any CPU
		{100B7D52-0D20-4E81-9AC1-948260ACBD23}.CD_ROM|x86.Build.0 = Debug|Any CPU
		{100B7D52-0D20-4E81-9AC1-948260ACBD23}.Debug x86|Any CPU.ActiveCfg = Debug|Any CPU
		{100B7D52-0D20-4E81-9AC1-948260ACBD23}.Debug x86|Any CPU.Build.0 = Debug|Any CPU
		{100B7D52-0D20-4E81-9AC1-948260ACBD23}.Debug x86|x64.ActiveCfg = Debug|Any CPU
		{100B7D52-0D20-4E81-9AC1-948260ACBD23}.Debug x86|x64.Build.0 = Debug|Any CPU
		{100B7D52-0D20-4E81-9AC1-948260ACBD23}.Debug x86|x86.ActiveCfg = Debug|Any CPU
		{100B7D52-0D20-4E81-9AC1-948260ACBD23}.Debug x86|x86.Build.0 = Debug|Any CPU
		{100B7D52-0D20-4E81-9AC1-948260ACBD23}.Debug|Any CPU.ActiveCfg = Debug|Any CPU
		{100B7D52-0D20-4E81-9AC1-948260ACBD23}.Debug|Any CPU.Build.0 = Debug|Any CPU
		{100B7D52-0D20-4E81-9AC1-948260ACBD23}.Debug|x64.ActiveCfg = Debug|Any CPU
		{100B7D52-0D20-4E81-9AC1-948260ACBD23}.Debug|x64.Build.0 = Debug|Any CPU
		{100B7D52-0D20-4E81-9AC1-948260ACBD23}.Debug|x86.ActiveCfg = Debug|Any CPU
		{100B7D52-0D20-4E81-9AC1-948260ACBD23}.Debug|x86.Build.0 = Debug|Any CPU
		{100B7D52-0D20-4E81-9AC1-948260ACBD23}.DVD-5|Any CPU.ActiveCfg = Debug|Any CPU
		{100B7D52-0D20-4E81-9AC1-948260ACBD23}.DVD-5|Any CPU.Build.0 = Debug|Any CPU
		{100B7D52-0D20-4E81-9AC1-948260ACBD23}.DVD-5|x64.ActiveCfg = Debug|Any CPU
		{100B7D52-0D20-4E81-9AC1-948260ACBD23}.DVD-5|x64.Build.0 = Debug|Any CPU
		{100B7D52-0D20-4E81-9AC1-948260ACBD23}.DVD-5|x86.ActiveCfg = Debug|Any CPU
		{100B7D52-0D20-4E81-9AC1-948260ACBD23}.DVD-5|x86.Build.0 = Debug|Any CPU
		{100B7D52-0D20-4E81-9AC1-948260ACBD23}.Release x86|Any CPU.ActiveCfg = Debug|Any CPU
		{100B7D52-0D20-4E81-9AC1-948260ACBD23}.Release x86|Any CPU.Build.0 = Debug|Any CPU
		{100B7D52-0D20-4E81-9AC1-948260ACBD23}.Release x86|x64.ActiveCfg = Debug|Any CPU
		{100B7D52-0D20-4E81-9AC1-948260ACBD23}.Release x86|x64.Build.0 = Debug|Any CPU
		{100B7D52-0D20-4E81-9AC1-948260ACBD23}.Release x86|x86.ActiveCfg = Debug|Any CPU
		{100B7D52-0D20-4E81-9AC1-948260ACBD23}.Release x86|x86.Build.0 = Debug|Any CPU
		{100B7D52-0D20-4E81-9AC1-948260ACBD23}.Release|Any CPU.ActiveCfg = Release|Any CPU
		{100B7D52-0D20-4E81-9AC1-948260ACBD23}.Release|Any CPU.Build.0 = Release|Any CPU
		{100B7D52-0D20-4E81-9AC1-948260ACBD23}.Release|x64.ActiveCfg = Release|Any CPU
		{100B7D52-0D20-4E81-9AC1-948260ACBD23}.Release|x64.Build.0 = Release|Any CPU
		{100B7D52-0D20-4E81-9AC1-948260ACBD23}.Release|x86.ActiveCfg = Release|Any CPU
		{100B7D52-0D20-4E81-9AC1-948260ACBD23}.Release|x86.Build.0 = Release|Any CPU
		{100B7D52-0D20-4E81-9AC1-948260ACBD23}.SingleImage|Any CPU.ActiveCfg = Debug|Any CPU
		{100B7D52-0D20-4E81-9AC1-948260ACBD23}.SingleImage|Any CPU.Build.0 = Debug|Any CPU
		{100B7D52-0D20-4E81-9AC1-948260ACBD23}.SingleImage|x64.ActiveCfg = Debug|Any CPU
		{100B7D52-0D20-4E81-9AC1-948260ACBD23}.SingleImage|x64.Build.0 = Debug|Any CPU
		{100B7D52-0D20-4E81-9AC1-948260ACBD23}.SingleImage|x86.ActiveCfg = Debug|Any CPU
		{100B7D52-0D20-4E81-9AC1-948260ACBD23}.SingleImage|x86.Build.0 = Debug|Any CPU
		{6AD40D5A-4B53-408D-9A66-5900C72F0EDE}.CD_ROM|Any CPU.ActiveCfg = Debug|Any CPU
		{6AD40D5A-4B53-408D-9A66-5900C72F0EDE}.CD_ROM|Any CPU.Build.0 = Debug|Any CPU
		{6AD40D5A-4B53-408D-9A66-5900C72F0EDE}.CD_ROM|x64.ActiveCfg = Debug|Any CPU
		{6AD40D5A-4B53-408D-9A66-5900C72F0EDE}.CD_ROM|x64.Build.0 = Debug|Any CPU
		{6AD40D5A-4B53-408D-9A66-5900C72F0EDE}.CD_ROM|x86.ActiveCfg = Debug|Any CPU
		{6AD40D5A-4B53-408D-9A66-5900C72F0EDE}.CD_ROM|x86.Build.0 = Debug|Any CPU
		{6AD40D5A-4B53-408D-9A66-5900C72F0EDE}.Debug x86|Any CPU.ActiveCfg = Debug|Any CPU
		{6AD40D5A-4B53-408D-9A66-5900C72F0EDE}.Debug x86|Any CPU.Build.0 = Debug|Any CPU
		{6AD40D5A-4B53-408D-9A66-5900C72F0EDE}.Debug x86|x64.ActiveCfg = Debug|Any CPU
		{6AD40D5A-4B53-408D-9A66-5900C72F0EDE}.Debug x86|x64.Build.0 = Debug|Any CPU
		{6AD40D5A-4B53-408D-9A66-5900C72F0EDE}.Debug x86|x86.ActiveCfg = Debug|Any CPU
		{6AD40D5A-4B53-408D-9A66-5900C72F0EDE}.Debug x86|x86.Build.0 = Debug|Any CPU
		{6AD40D5A-4B53-408D-9A66-5900C72F0EDE}.Debug|Any CPU.ActiveCfg = Debug|Any CPU
		{6AD40D5A-4B53-408D-9A66-5900C72F0EDE}.Debug|Any CPU.Build.0 = Debug|Any CPU
		{6AD40D5A-4B53-408D-9A66-5900C72F0EDE}.Debug|x64.ActiveCfg = Debug|Any CPU
		{6AD40D5A-4B53-408D-9A66-5900C72F0EDE}.Debug|x64.Build.0 = Debug|Any CPU
		{6AD40D5A-4B53-408D-9A66-5900C72F0EDE}.Debug|x86.ActiveCfg = Debug|Any CPU
		{6AD40D5A-4B53-408D-9A66-5900C72F0EDE}.Debug|x86.Build.0 = Debug|Any CPU
		{6AD40D5A-4B53-408D-9A66-5900C72F0EDE}.DVD-5|Any CPU.ActiveCfg = Debug|Any CPU
		{6AD40D5A-4B53-408D-9A66-5900C72F0EDE}.DVD-5|Any CPU.Build.0 = Debug|Any CPU
		{6AD40D5A-4B53-408D-9A66-5900C72F0EDE}.DVD-5|x64.ActiveCfg = Debug|Any CPU
		{6AD40D5A-4B53-408D-9A66-5900C72F0EDE}.DVD-5|x64.Build.0 = Debug|Any CPU
		{6AD40D5A-4B53-408D-9A66-5900C72F0EDE}.DVD-5|x86.ActiveCfg = Debug|Any CPU
		{6AD40D5A-4B53-408D-9A66-5900C72F0EDE}.DVD-5|x86.Build.0 = Debug|Any CPU
		{6AD40D5A-4B53-408D-9A66-5900C72F0EDE}.Release x86|Any CPU.ActiveCfg = Debug|Any CPU
		{6AD40D5A-4B53-408D-9A66-5900C72F0EDE}.Release x86|Any CPU.Build.0 = Debug|Any CPU
		{6AD40D5A-4B53-408D-9A66-5900C72F0EDE}.Release x86|x64.ActiveCfg = Debug|Any CPU
		{6AD40D5A-4B53-408D-9A66-5900C72F0EDE}.Release x86|x64.Build.0 = Debug|Any CPU
		{6AD40D5A-4B53-408D-9A66-5900C72F0EDE}.Release x86|x86.ActiveCfg = Debug|Any CPU
		{6AD40D5A-4B53-408D-9A66-5900C72F0EDE}.Release x86|x86.Build.0 = Debug|Any CPU
		{6AD40D5A-4B53-408D-9A66-5900C72F0EDE}.Release|Any CPU.ActiveCfg = Release|Any CPU
		{6AD40D5A-4B53-408D-9A66-5900C72F0EDE}.Release|Any CPU.Build.0 = Release|Any CPU
		{6AD40D5A-4B53-408D-9A66-5900C72F0EDE}.Release|x64.ActiveCfg = Release|Any CPU
		{6AD40D5A-4B53-408D-9A66-5900C72F0EDE}.Release|x64.Build.0 = Release|Any CPU
		{6AD40D5A-4B53-408D-9A66-5900C72F0EDE}.Release|x86.ActiveCfg = Release|Any CPU
		{6AD40D5A-4B53-408D-9A66-5900C72F0EDE}.Release|x86.Build.0 = Release|Any CPU
		{6AD40D5A-4B53-408D-9A66-5900C72F0EDE}.SingleImage|Any CPU.ActiveCfg = Debug|Any CPU
		{6AD40D5A-4B53-408D-9A66-5900C72F0EDE}.SingleImage|Any CPU.Build.0 = Debug|Any CPU
		{6AD40D5A-4B53-408D-9A66-5900C72F0EDE}.SingleImage|x64.ActiveCfg = Debug|Any CPU
		{6AD40D5A-4B53-408D-9A66-5900C72F0EDE}.SingleImage|x64.Build.0 = Debug|Any CPU
		{6AD40D5A-4B53-408D-9A66-5900C72F0EDE}.SingleImage|x86.ActiveCfg = Debug|Any CPU
		{6AD40D5A-4B53-408D-9A66-5900C72F0EDE}.SingleImage|x86.Build.0 = Debug|Any CPU
		{A58C654E-00F9-49FF-BC59-D70CE80BE413}.CD_ROM|Any CPU.ActiveCfg = Debug|Any CPU
		{A58C654E-00F9-49FF-BC59-D70CE80BE413}.CD_ROM|Any CPU.Build.0 = Debug|Any CPU
		{A58C654E-00F9-49FF-BC59-D70CE80BE413}.CD_ROM|x64.ActiveCfg = Debug|Any CPU
		{A58C654E-00F9-49FF-BC59-D70CE80BE413}.CD_ROM|x64.Build.0 = Debug|Any CPU
		{A58C654E-00F9-49FF-BC59-D70CE80BE413}.CD_ROM|x86.ActiveCfg = Debug|Any CPU
		{A58C654E-00F9-49FF-BC59-D70CE80BE413}.CD_ROM|x86.Build.0 = Debug|Any CPU
		{A58C654E-00F9-49FF-BC59-D70CE80BE413}.Debug x86|Any CPU.ActiveCfg = Debug|Any CPU
		{A58C654E-00F9-49FF-BC59-D70CE80BE413}.Debug x86|Any CPU.Build.0 = Debug|Any CPU
		{A58C654E-00F9-49FF-BC59-D70CE80BE413}.Debug x86|x64.ActiveCfg = Debug|Any CPU
		{A58C654E-00F9-49FF-BC59-D70CE80BE413}.Debug x86|x64.Build.0 = Debug|Any CPU
		{A58C654E-00F9-49FF-BC59-D70CE80BE413}.Debug x86|x86.ActiveCfg = Debug|Any CPU
		{A58C654E-00F9-49FF-BC59-D70CE80BE413}.Debug x86|x86.Build.0 = Debug|Any CPU
		{A58C654E-00F9-49FF-BC59-D70CE80BE413}.Debug|Any CPU.ActiveCfg = Debug|Any CPU
		{A58C654E-00F9-49FF-BC59-D70CE80BE413}.Debug|Any CPU.Build.0 = Debug|Any CPU
		{A58C654E-00F9-49FF-BC59-D70CE80BE413}.Debug|x64.ActiveCfg = Debug|Any CPU
		{A58C654E-00F9-49FF-BC59-D70CE80BE413}.Debug|x64.Build.0 = Debug|Any CPU
		{A58C654E-00F9-49FF-BC59-D70CE80BE413}.Debug|x86.ActiveCfg = Debug|Any CPU
		{A58C654E-00F9-49FF-BC59-D70CE80BE413}.Debug|x86.Build.0 = Debug|Any CPU
		{A58C654E-00F9-49FF-BC59-D70CE80BE413}.DVD-5|Any CPU.ActiveCfg = Debug|Any CPU
		{A58C654E-00F9-49FF-BC59-D70CE80BE413}.DVD-5|Any CPU.Build.0 = Debug|Any CPU
		{A58C654E-00F9-49FF-BC59-D70CE80BE413}.DVD-5|x64.ActiveCfg = Debug|Any CPU
		{A58C654E-00F9-49FF-BC59-D70CE80BE413}.DVD-5|x64.Build.0 = Debug|Any CPU
		{A58C654E-00F9-49FF-BC59-D70CE80BE413}.DVD-5|x86.ActiveCfg = Debug|Any CPU
		{A58C654E-00F9-49FF-BC59-D70CE80BE413}.DVD-5|x86.Build.0 = Debug|Any CPU
		{A58C654E-00F9-49FF-BC59-D70CE80BE413}.Release x86|Any CPU.ActiveCfg = Debug|Any CPU
		{A58C654E-00F9-49FF-BC59-D70CE80BE413}.Release x86|Any CPU.Build.0 = Debug|Any CPU
		{A58C654E-00F9-49FF-BC59-D70CE80BE413}.Release x86|x64.ActiveCfg = Debug|Any CPU
		{A58C654E-00F9-49FF-BC59-D70CE80BE413}.Release x86|x64.Build.0 = Debug|Any CPU
		{A58C654E-00F9-49FF-BC59-D70CE80BE413}.Release x86|x86.ActiveCfg = Debug|Any CPU
		{A58C654E-00F9-49FF-BC59-D70CE80BE413}.Release x86|x86.Build.0 = Debug|Any CPU
		{A58C654E-00F9-49FF-BC59-D70CE80BE413}.Release|Any CPU.ActiveCfg = Release|Any CPU
		{A58C654E-00F9-49FF-BC59-D70CE80BE413}.Release|Any CPU.Build.0 = Release|Any CPU
		{A58C654E-00F9-49FF-BC59-D70CE80BE413}.Release|x64.ActiveCfg = Release|Any CPU
		{A58C654E-00F9-49FF-BC59-D70CE80BE413}.Release|x64.Build.0 = Release|Any CPU
		{A58C654E-00F9-49FF-BC59-D70CE80BE413}.Release|x86.ActiveCfg = Release|Any CPU
		{A58C654E-00F9-49FF-BC59-D70CE80BE413}.Release|x86.Build.0 = Release|Any CPU
		{A58C654E-00F9-49FF-BC59-D70CE80BE413}.SingleImage|Any CPU.ActiveCfg = Debug|Any CPU
		{A58C654E-00F9-49FF-BC59-D70CE80BE413}.SingleImage|Any CPU.Build.0 = Debug|Any CPU
		{A58C654E-00F9-49FF-BC59-D70CE80BE413}.SingleImage|x64.ActiveCfg = Debug|Any CPU
		{A58C654E-00F9-49FF-BC59-D70CE80BE413}.SingleImage|x64.Build.0 = Debug|Any CPU
		{A58C654E-00F9-49FF-BC59-D70CE80BE413}.SingleImage|x86.ActiveCfg = Debug|Any CPU
		{A58C654E-00F9-49FF-BC59-D70CE80BE413}.SingleImage|x86.Build.0 = Debug|Any CPU
		{0177A499-F03F-4480-B530-42685CDB0669}.CD_ROM|Any CPU.ActiveCfg = Debug|Any CPU
		{0177A499-F03F-4480-B530-42685CDB0669}.CD_ROM|Any CPU.Build.0 = Debug|Any CPU
		{0177A499-F03F-4480-B530-42685CDB0669}.CD_ROM|x64.ActiveCfg = Debug|Any CPU
		{0177A499-F03F-4480-B530-42685CDB0669}.CD_ROM|x64.Build.0 = Debug|Any CPU
		{0177A499-F03F-4480-B530-42685CDB0669}.CD_ROM|x86.ActiveCfg = Debug|Any CPU
		{0177A499-F03F-4480-B530-42685CDB0669}.CD_ROM|x86.Build.0 = Debug|Any CPU
		{0177A499-F03F-4480-B530-42685CDB0669}.Debug x86|Any CPU.ActiveCfg = Debug|Any CPU
		{0177A499-F03F-4480-B530-42685CDB0669}.Debug x86|Any CPU.Build.0 = Debug|Any CPU
		{0177A499-F03F-4480-B530-42685CDB0669}.Debug x86|x64.ActiveCfg = Debug|Any CPU
		{0177A499-F03F-4480-B530-42685CDB0669}.Debug x86|x64.Build.0 = Debug|Any CPU
		{0177A499-F03F-4480-B530-42685CDB0669}.Debug x86|x86.ActiveCfg = Debug|Any CPU
		{0177A499-F03F-4480-B530-42685CDB0669}.Debug x86|x86.Build.0 = Debug|Any CPU
		{0177A499-F03F-4480-B530-42685CDB0669}.Debug|Any CPU.ActiveCfg = Debug|Any CPU
		{0177A499-F03F-4480-B530-42685CDB0669}.Debug|Any CPU.Build.0 = Debug|Any CPU
		{0177A499-F03F-4480-B530-42685CDB0669}.Debug|x64.ActiveCfg = Debug|Any CPU
		{0177A499-F03F-4480-B530-42685CDB0669}.Debug|x64.Build.0 = Debug|Any CPU
		{0177A499-F03F-4480-B530-42685CDB0669}.Debug|x86.ActiveCfg = Debug|Any CPU
		{0177A499-F03F-4480-B530-42685CDB0669}.Debug|x86.Build.0 = Debug|Any CPU
		{0177A499-F03F-4480-B530-42685CDB0669}.DVD-5|Any CPU.ActiveCfg = Debug|Any CPU
		{0177A499-F03F-4480-B530-42685CDB0669}.DVD-5|Any CPU.Build.0 = Debug|Any CPU
		{0177A499-F03F-4480-B530-42685CDB0669}.DVD-5|x64.ActiveCfg = Debug|Any CPU
		{0177A499-F03F-4480-B530-42685CDB0669}.DVD-5|x64.Build.0 = Debug|Any CPU
		{0177A499-F03F-4480-B530-42685CDB0669}.DVD-5|x86.ActiveCfg = Debug|Any CPU
		{0177A499-F03F-4480-B530-42685CDB0669}.DVD-5|x86.Build.0 = Debug|Any CPU
		{0177A499-F03F-4480-B530-42685CDB0669}.Release x86|Any CPU.ActiveCfg = Debug|Any CPU
		{0177A499-F03F-4480-B530-42685CDB0669}.Release x86|Any CPU.Build.0 = Debug|Any CPU
		{0177A499-F03F-4480-B530-42685CDB0669}.Release x86|x64.ActiveCfg = Debug|Any CPU
		{0177A499-F03F-4480-B530-42685CDB0669}.Release x86|x64.Build.0 = Debug|Any CPU
		{0177A499-F03F-4480-B530-42685CDB0669}.Release x86|x86.ActiveCfg = Debug|Any CPU
		{0177A499-F03F-4480-B530-42685CDB0669}.Release x86|x86.Build.0 = Debug|Any CPU
		{0177A499-F03F-4480-B530-42685CDB0669}.Release|Any CPU.ActiveCfg = Release|Any CPU
		{0177A499-F03F-4480-B530-42685CDB0669}.Release|Any CPU.Build.0 = Release|Any CPU
		{0177A499-F03F-4480-B530-42685CDB0669}.Release|x64.ActiveCfg = Release|Any CPU
		{0177A499-F03F-4480-B530-42685CDB0669}.Release|x64.Build.0 = Release|Any CPU
		{0177A499-F03F-4480-B530-42685CDB0669}.Release|x86.ActiveCfg = Release|Any CPU
		{0177A499-F03F-4480-B530-42685CDB0669}.Release|x86.Build.0 = Release|Any CPU
		{0177A499-F03F-4480-B530-42685CDB0669}.SingleImage|Any CPU.ActiveCfg = Debug|Any CPU
		{0177A499-F03F-4480-B530-42685CDB0669}.SingleImage|Any CPU.Build.0 = Debug|Any CPU
		{0177A499-F03F-4480-B530-42685CDB0669}.SingleImage|x64.ActiveCfg = Debug|Any CPU
		{0177A499-F03F-4480-B530-42685CDB0669}.SingleImage|x64.Build.0 = Debug|Any CPU
		{0177A499-F03F-4480-B530-42685CDB0669}.SingleImage|x86.ActiveCfg = Debug|Any CPU
		{0177A499-F03F-4480-B530-42685CDB0669}.SingleImage|x86.Build.0 = Debug|Any CPU
		{23A3F035-185E-485F-80D8-DCBBDBD6CFA9}.CD_ROM|Any CPU.ActiveCfg = Debug|Any CPU
		{23A3F035-185E-485F-80D8-DCBBDBD6CFA9}.CD_ROM|Any CPU.Build.0 = Debug|Any CPU
		{23A3F035-185E-485F-80D8-DCBBDBD6CFA9}.CD_ROM|x64.ActiveCfg = Debug|Any CPU
		{23A3F035-185E-485F-80D8-DCBBDBD6CFA9}.CD_ROM|x64.Build.0 = Debug|Any CPU
		{23A3F035-185E-485F-80D8-DCBBDBD6CFA9}.CD_ROM|x86.ActiveCfg = Debug|Any CPU
		{23A3F035-185E-485F-80D8-DCBBDBD6CFA9}.CD_ROM|x86.Build.0 = Debug|Any CPU
		{23A3F035-185E-485F-80D8-DCBBDBD6CFA9}.Debug x86|Any CPU.ActiveCfg = Debug|Any CPU
		{23A3F035-185E-485F-80D8-DCBBDBD6CFA9}.Debug x86|Any CPU.Build.0 = Debug|Any CPU
		{23A3F035-185E-485F-80D8-DCBBDBD6CFA9}.Debug x86|x64.ActiveCfg = Debug|Any CPU
		{23A3F035-185E-485F-80D8-DCBBDBD6CFA9}.Debug x86|x64.Build.0 = Debug|Any CPU
		{23A3F035-185E-485F-80D8-DCBBDBD6CFA9}.Debug x86|x86.ActiveCfg = Debug|Any CPU
		{23A3F035-185E-485F-80D8-DCBBDBD6CFA9}.Debug x86|x86.Build.0 = Debug|Any CPU
		{23A3F035-185E-485F-80D8-DCBBDBD6CFA9}.Debug|Any CPU.ActiveCfg = Debug|Any CPU
		{23A3F035-185E-485F-80D8-DCBBDBD6CFA9}.Debug|Any CPU.Build.0 = Debug|Any CPU
		{23A3F035-185E-485F-80D8-DCBBDBD6CFA9}.Debug|x64.ActiveCfg = Debug|Any CPU
		{23A3F035-185E-485F-80D8-DCBBDBD6CFA9}.Debug|x64.Build.0 = Debug|Any CPU
		{23A3F035-185E-485F-80D8-DCBBDBD6CFA9}.Debug|x86.ActiveCfg = Debug|Any CPU
		{23A3F035-185E-485F-80D8-DCBBDBD6CFA9}.Debug|x86.Build.0 = Debug|Any CPU
		{23A3F035-185E-485F-80D8-DCBBDBD6CFA9}.DVD-5|Any CPU.ActiveCfg = Debug|Any CPU
		{23A3F035-185E-485F-80D8-DCBBDBD6CFA9}.DVD-5|Any CPU.Build.0 = Debug|Any CPU
		{23A3F035-185E-485F-80D8-DCBBDBD6CFA9}.DVD-5|x64.ActiveCfg = Debug|Any CPU
		{23A3F035-185E-485F-80D8-DCBBDBD6CFA9}.DVD-5|x64.Build.0 = Debug|Any CPU
		{23A3F035-185E-485F-80D8-DCBBDBD6CFA9}.DVD-5|x86.ActiveCfg = Debug|Any CPU
		{23A3F035-185E-485F-80D8-DCBBDBD6CFA9}.DVD-5|x86.Build.0 = Debug|Any CPU
		{23A3F035-185E-485F-80D8-DCBBDBD6CFA9}.Release x86|Any CPU.ActiveCfg = Debug|Any CPU
		{23A3F035-185E-485F-80D8-DCBBDBD6CFA9}.Release x86|Any CPU.Build.0 = Debug|Any CPU
		{23A3F035-185E-485F-80D8-DCBBDBD6CFA9}.Release x86|x64.ActiveCfg = Debug|Any CPU
		{23A3F035-185E-485F-80D8-DCBBDBD6CFA9}.Release x86|x64.Build.0 = Debug|Any CPU
		{23A3F035-185E-485F-80D8-DCBBDBD6CFA9}.Release x86|x86.ActiveCfg = Debug|Any CPU
		{23A3F035-185E-485F-80D8-DCBBDBD6CFA9}.Release x86|x86.Build.0 = Debug|Any CPU
		{23A3F035-185E-485F-80D8-DCBBDBD6CFA9}.Release|Any CPU.ActiveCfg = Release|Any CPU
		{23A3F035-185E-485F-80D8-DCBBDBD6CFA9}.Release|Any CPU.Build.0 = Release|Any CPU
		{23A3F035-185E-485F-80D8-DCBBDBD6CFA9}.Release|x64.ActiveCfg = Release|Any CPU
		{23A3F035-185E-485F-80D8-DCBBDBD6CFA9}.Release|x64.Build.0 = Release|Any CPU
		{23A3F035-185E-485F-80D8-DCBBDBD6CFA9}.Release|x86.ActiveCfg = Release|Any CPU
		{23A3F035-185E-485F-80D8-DCBBDBD6CFA9}.Release|x86.Build.0 = Release|Any CPU
		{23A3F035-185E-485F-80D8-DCBBDBD6CFA9}.SingleImage|Any CPU.ActiveCfg = Debug|Any CPU
		{23A3F035-185E-485F-80D8-DCBBDBD6CFA9}.SingleImage|Any CPU.Build.0 = Debug|Any CPU
		{23A3F035-185E-485F-80D8-DCBBDBD6CFA9}.SingleImage|x64.ActiveCfg = Debug|Any CPU
		{23A3F035-185E-485F-80D8-DCBBDBD6CFA9}.SingleImage|x64.Build.0 = Debug|Any CPU
		{23A3F035-185E-485F-80D8-DCBBDBD6CFA9}.SingleImage|x86.ActiveCfg = Debug|Any CPU
		{23A3F035-185E-485F-80D8-DCBBDBD6CFA9}.SingleImage|x86.Build.0 = Debug|Any CPU
		{1C80F5C6-8A99-4941-8A81-97A28C60C3E8}.CD_ROM|Any CPU.ActiveCfg = Debug|Any CPU
		{1C80F5C6-8A99-4941-8A81-97A28C60C3E8}.CD_ROM|Any CPU.Build.0 = Debug|Any CPU
		{1C80F5C6-8A99-4941-8A81-97A28C60C3E8}.CD_ROM|x64.ActiveCfg = Debug|Any CPU
		{1C80F5C6-8A99-4941-8A81-97A28C60C3E8}.CD_ROM|x64.Build.0 = Debug|Any CPU
		{1C80F5C6-8A99-4941-8A81-97A28C60C3E8}.CD_ROM|x86.ActiveCfg = Debug|Any CPU
		{1C80F5C6-8A99-4941-8A81-97A28C60C3E8}.CD_ROM|x86.Build.0 = Debug|Any CPU
		{1C80F5C6-8A99-4941-8A81-97A28C60C3E8}.Debug x86|Any CPU.ActiveCfg = Debug|Any CPU
		{1C80F5C6-8A99-4941-8A81-97A28C60C3E8}.Debug x86|Any CPU.Build.0 = Debug|Any CPU
		{1C80F5C6-8A99-4941-8A81-97A28C60C3E8}.Debug x86|x64.ActiveCfg = Debug|Any CPU
		{1C80F5C6-8A99-4941-8A81-97A28C60C3E8}.Debug x86|x64.Build.0 = Debug|Any CPU
		{1C80F5C6-8A99-4941-8A81-97A28C60C3E8}.Debug x86|x86.ActiveCfg = Debug|Any CPU
		{1C80F5C6-8A99-4941-8A81-97A28C60C3E8}.Debug x86|x86.Build.0 = Debug|Any CPU
		{1C80F5C6-8A99-4941-8A81-97A28C60C3E8}.Debug|Any CPU.ActiveCfg = Debug|Any CPU
		{1C80F5C6-8A99-4941-8A81-97A28C60C3E8}.Debug|Any CPU.Build.0 = Debug|Any CPU
		{1C80F5C6-8A99-4941-8A81-97A28C60C3E8}.Debug|x64.ActiveCfg = Debug|Any CPU
		{1C80F5C6-8A99-4941-8A81-97A28C60C3E8}.Debug|x64.Build.0 = Debug|Any CPU
		{1C80F5C6-8A99-4941-8A81-97A28C60C3E8}.Debug|x86.ActiveCfg = Debug|Any CPU
		{1C80F5C6-8A99-4941-8A81-97A28C60C3E8}.Debug|x86.Build.0 = Debug|Any CPU
		{1C80F5C6-8A99-4941-8A81-97A28C60C3E8}.DVD-5|Any CPU.ActiveCfg = Debug|Any CPU
		{1C80F5C6-8A99-4941-8A81-97A28C60C3E8}.DVD-5|Any CPU.Build.0 = Debug|Any CPU
		{1C80F5C6-8A99-4941-8A81-97A28C60C3E8}.DVD-5|x64.ActiveCfg = Debug|Any CPU
		{1C80F5C6-8A99-4941-8A81-97A28C60C3E8}.DVD-5|x64.Build.0 = Debug|Any CPU
		{1C80F5C6-8A99-4941-8A81-97A28C60C3E8}.DVD-5|x86.ActiveCfg = Debug|Any CPU
		{1C80F5C6-8A99-4941-8A81-97A28C60C3E8}.DVD-5|x86.Build.0 = Debug|Any CPU
		{1C80F5C6-8A99-4941-8A81-97A28C60C3E8}.Release x86|Any CPU.ActiveCfg = Debug|Any CPU
		{1C80F5C6-8A99-4941-8A81-97A28C60C3E8}.Release x86|Any CPU.Build.0 = Debug|Any CPU
		{1C80F5C6-8A99-4941-8A81-97A28C60C3E8}.Release x86|x64.ActiveCfg = Debug|Any CPU
		{1C80F5C6-8A99-4941-8A81-97A28C60C3E8}.Release x86|x64.Build.0 = Debug|Any CPU
		{1C80F5C6-8A99-4941-8A81-97A28C60C3E8}.Release x86|x86.ActiveCfg = Debug|Any CPU
		{1C80F5C6-8A99-4941-8A81-97A28C60C3E8}.Release x86|x86.Build.0 = Debug|Any CPU
		{1C80F5C6-8A99-4941-8A81-97A28C60C3E8}.Release|Any CPU.ActiveCfg = Release|Any CPU
		{1C80F5C6-8A99-4941-8A81-97A28C60C3E8}.Release|Any CPU.Build.0 = Release|Any CPU
		{1C80F5C6-8A99-4941-8A81-97A28C60C3E8}.Release|x64.ActiveCfg = Release|Any CPU
		{1C80F5C6-8A99-4941-8A81-97A28C60C3E8}.Release|x64.Build.0 = Release|Any CPU
		{1C80F5C6-8A99-4941-8A81-97A28C60C3E8}.Release|x86.ActiveCfg = Release|Any CPU
		{1C80F5C6-8A99-4941-8A81-97A28C60C3E8}.Release|x86.Build.0 = Release|Any CPU
		{1C80F5C6-8A99-4941-8A81-97A28C60C3E8}.SingleImage|Any CPU.ActiveCfg = Debug|Any CPU
		{1C80F5C6-8A99-4941-8A81-97A28C60C3E8}.SingleImage|Any CPU.Build.0 = Debug|Any CPU
		{1C80F5C6-8A99-4941-8A81-97A28C60C3E8}.SingleImage|x64.ActiveCfg = Debug|Any CPU
		{1C80F5C6-8A99-4941-8A81-97A28C60C3E8}.SingleImage|x64.Build.0 = Debug|Any CPU
		{1C80F5C6-8A99-4941-8A81-97A28C60C3E8}.SingleImage|x86.ActiveCfg = Debug|Any CPU
		{1C80F5C6-8A99-4941-8A81-97A28C60C3E8}.SingleImage|x86.Build.0 = Debug|Any CPU
	EndGlobalSection
	GlobalSection(SolutionProperties) = preSolution
		HideSolutionNode = FALSE
	EndGlobalSection
	GlobalSection(NestedProjects) = preSolution
		{95CAD5C9-AD60-48C6-927A-A8ADB968039B} = {827E0CD3-B72D-47B6-A68D-7590B98EB39B}
		{A635E2E5-4E7B-4F50-B4F5-EAD9831E101A} = {827E0CD3-B72D-47B6-A68D-7590B98EB39B}
		{3E6FF893-044A-484C-A7CE-715FC28EE084} = {827E0CD3-B72D-47B6-A68D-7590B98EB39B}
		{0BB6F4FD-2CD0-4CB9-8455-A2DBBF472E20} = {827E0CD3-B72D-47B6-A68D-7590B98EB39B}
		{100B7D52-0D20-4E81-9AC1-948260ACBD23} = {827E0CD3-B72D-47B6-A68D-7590B98EB39B}
		{6AD40D5A-4B53-408D-9A66-5900C72F0EDE} = {827E0CD3-B72D-47B6-A68D-7590B98EB39B}
		{A58C654E-00F9-49FF-BC59-D70CE80BE413} = {827E0CD3-B72D-47B6-A68D-7590B98EB39B}
		{0177A499-F03F-4480-B530-42685CDB0669} = {0AB3BF05-4346-4AA6-1389-037BE0695223}
		{23A3F035-185E-485F-80D8-DCBBDBD6CFA9} = {0AB3BF05-4346-4AA6-1389-037BE0695223}
		{1C80F5C6-8A99-4941-8A81-97A28C60C3E8} = {0AB3BF05-4346-4AA6-1389-037BE0695223}
	EndGlobalSection
	GlobalSection(ExtensibilityGlobals) = postSolution
		SolutionGuid = {52B0CB57-8044-4EA5-BC6B-F17324054845}
	EndGlobalSection
EndGlobal
